<Solution>
    <Configurations>
        <Platform Name="Any CPU" />
    </Configurations>
    <Folder Name="/src/">
        <Project Path="src/MOD.Training.Domain/MOD.Training.Domain.csproj" />
        <Project Path="src/MOD.Training.Application/MOD.Training.Application.csproj" />
        <Project Path="src/MOD.Training.EntityFrameworkCore/MOD.Training.EntityFrameworkCore.csproj" />
        <Project Path="src/MOD.Training.Domain.Shared/MOD.Training.Domain.Shared.csproj" />
        <Project Path="src/MOD.Training.Application.Contracts/MOD.Training.Application.Contracts.csproj" />
        <Project Path="src/MOD.Training.HttpApi/MOD.Training.HttpApi.csproj" />
        <Project Path="src/MOD.Training.HttpApi.Client/MOD.Training.HttpApi.Client.csproj" />
        <Project Path="src/MOD.Training.DbMigrator/MOD.Training.DbMigrator.csproj" />
        <Project Path="src/MOD.Training.HttpApi.Host/MOD.Training.HttpApi.Host.csproj" />
    </Folder>
    <Folder Name="/modules/travel/">
        <Project Path="modules/travel/src/Travel.Domain.Shared/Travel.Domain.Shared.csproj" />
        <Project Path="modules/travel/src/Travel.Domain/Travel.Domain.csproj" />
        <Project Path="modules/travel/src/Travel.Application.Contracts/Travel.Application.Contracts.csproj" />
        <Project Path="modules/travel/src/Travel.Application/Travel.Application.csproj" />
        <Project Path="modules/travel/src/Travel.EntityFrameworkCore/Travel.EntityFrameworkCore.csproj" />
        <Project Path="modules/travel/src/Travel.HttpApi/Travel.HttpApi.csproj" />
        <Project Path="modules/travel/src/Travel.HttpApi.Client/Travel.HttpApi.Client.csproj" />
    </Folder>
</Solution>